schema: '2.0'
stages:
  download_data:
    cmd: stages/01_download.sh
    deps:
    - path: stages/01_download.sh
      hash: md5
      md5: 8eab3cfea5e161118ded0ec29f16c35a
      size: 505
    outs:
    - path: download
      hash: md5
      md5: bbfce7a04b0851df97c227d64814d234.dir
      size: 54387495
      nfiles: 8
  make_Column_Names:
    cmd: Rscript R/Column_Names.R
    deps:
    - path: R/Column_Names.R
      md5: 637e35ab69711484ea5c1de128a85a0c
      size: 2770
    - path: cache/download
      md5: bbfce7a04b0851df97c227d64814d234.dir
      size: 54387495
      nfiles: 8
    outs:
    - path: cache/README
      md5: 1f00665a62d768507c2f7025b1385606.dir
      size: 5427
      nfiles: 2
  make_parquet:
    cmd: Rscript R/build.R
    deps:
    - path: R/build.R
      md5: f0fa11cf81a07dc2c54b6180e4f8d6f1
      size: 909
    - path: cache/
      md5: 6df0e596644e0a1cc5a5c778caad90f4.dir
      size: 54392922
      nfiles: 10
    outs:
    - path: data/
      md5: f8654ff7c57e284e2dca60ca307fb6c2.dir
      size: 37128212
      nfiles: 8
  build:
    cmd: stages/03_build.sh
    deps:
    - path: download
      hash: md5
      md5: 8499875324c860240939c48a6425e72d.dir
      size: 54319976
      nfiles: 6
    - path: stages/03_build.sh
      hash: md5
      md5: d51c27cd3d1e546a43b82cfc66427bc0
      size: 476
    outs:
    - path: brick
      hash: md5
      md5: 160246cc320b7172f7f5562b34669b53.dir
      size: 23375471
      nfiles: 8
  process:
    cmd: stages/02_process.sh
    deps:
    - path: download
      hash: md5
      md5: 8499875324c860240939c48a6425e72d.dir
      size: 54319976
      nfiles: 6
    - path: stages/02_process.sh
      hash: md5
      md5: 33ba90eba11b3a147451546c39a6ebfe
      size: 1449
    outs:
    - path: raw
      hash: md5
      md5: 8efbc7170ba911b0b3ce0fc317a409f4.dir
      size: 664172632
      nfiles: 8
